
Microsoft Visual Studio Solution File, Format Version 12.00
# Visual Studio Version 16
VisualStudioVersion = 16.0.29509.3
MinimumVisualStudioVersion = 10.0.40219.1
Project("{FAE04EC0-301F-11D3-BF4B-00C04F79EFBC}") = "Music_Web_API", "Music_Web_API.csproj", "{337AA6EF-B902-47D7-9A96-917BFFDEDE86}"
EndProject
Global
	GlobalSection(SolutionConfigurationPlatforms) = preSolution
		Debug|Any CPU = Debug|Any CPU
		Release|Any CPU = Release|Any CPU
	EndGlobalSection
	GlobalSection(ProjectConfigurationPlatforms) = postSolution
		{337AA6EF-B902-47D7-9A96-917BFFDEDE86}.Debug|Any CPU.ActiveCfg = Debug|Any CPU
		{337AA6EF-B902-47D7-9A96-917BFFDEDE86}.Debug|Any CPU.Build.0 = Debug|Any CPU
		{337AA6EF-B902-47D7-9A96-917BFFDEDE86}.Release|Any CPU.ActiveCfg = Release|Any CPU
		{337AA6EF-B902-47D7-9A96-917BFFDEDE86}.Release|Any CPU.Build.0 = Release|Any CPU
	EndGlobalSection
	GlobalSection(SolutionProperties) = preSolution
		HideSolutionNode = FALSE
	EndGlobalSection
	GlobalSection(ExtensibilityGlobals) = postSolution
		SolutionGuid = {46E66408-FE64-4615-872B-EFF0D0553D5E}
	EndGlobalSection
EndGlobal
